{
    "_meta": {
        "hash": {
            "sha256": "9d50d946af93333cd13bb4cffed6b686438c241bb43b42347f9b98d2466aad89"
        },
        "pipfile-spec": 6,
        "requires": {
            "python_version": "3.8"
        },
        "sources": [
            {
                "name": "pypi",
                "url": "https://pypi.python.org/simple",
                "verify_ssl": true
            }
        ]
    },
    "default": {
        "95694a9": {
            "path": "./requests-html"
        },
        "pprintpp": {
            "hashes": [
                "sha256:b6b4dcdd0c0c0d75e4d7b2f21a9e933e5b2ce62b26e1a54537f9651ae5a5c01d",
                "sha256:ea826108e2c7f49dc6d66c752973c3fc9749142a798d6b254e1e301cfdbc6403"
            ],
            "index": "pypi",
            "version": "==0.4.0"
        }
    },
    "develop": {}
}
